
Microsoft Visual Studio Solution File, Format Version 12.00
# Visual Studio Version 17
VisualStudioVersion = 17.7.34202.233
MinimumVisualStudioVersion = 10.0.40219.1
Project("{FAE04EC0-301F-11D3-BF4B-00C04F79EFBC}") = "TaskMaste.Shared", "TaskMaste.Shared\TaskMaste.Shared.csproj", "{F9274A0D-5B9E-4A62-BAEA-8F12CA7CBAC2}"
EndProject
Project("{FAE04EC0-301F-11D3-BF4B-00C04F79EFBC}") = "TaskMaste.API", "TaskMaste.API\TaskMaste.API.csproj", "{7324AE3B-EE26-4A1D-B4C4-FCE24DA1193E}"
EndProject
Project("{FAE04EC0-301F-11D3-BF4B-00C04F79EFBC}") = "TaskMaste.WEB", "TaskMaste.WEB\TaskMaste.WEB.csproj", "{EEAB01B4-3D2A-4794-B321-903224025BFF}"
EndProject
Global
	GlobalSection(SolutionConfigurationPlatforms) = preSolution
		Debug|Any CPU = Debug|Any CPU
		Release|Any CPU = Release|Any CPU
	EndGlobalSection
	GlobalSection(ProjectConfigurationPlatforms) = postSolution
		{F9274A0D-5B9E-4A62-BAEA-8F12CA7CBAC2}.Debug|Any CPU.ActiveCfg = Debug|Any CPU
		{F9274A0D-5B9E-4A62-BAEA-8F12CA7CBAC2}.Debug|Any CPU.Build.0 = Debug|Any CPU
		{F9274A0D-5B9E-4A62-BAEA-8F12CA7CBAC2}.Release|Any CPU.ActiveCfg = Release|Any CPU
		{F9274A0D-5B9E-4A62-BAEA-8F12CA7CBAC2}.Release|Any CPU.Build.0 = Release|Any CPU
		{7324AE3B-EE26-4A1D-B4C4-FCE24DA1193E}.Debug|Any CPU.ActiveCfg = Debug|Any CPU
		{7324AE3B-EE26-4A1D-B4C4-FCE24DA1193E}.Debug|Any CPU.Build.0 = Debug|Any CPU
		{7324AE3B-EE26-4A1D-B4C4-FCE24DA1193E}.Release|Any CPU.ActiveCfg = Release|Any CPU
		{7324AE3B-EE26-4A1D-B4C4-FCE24DA1193E}.Release|Any CPU.Build.0 = Release|Any CPU
		{EEAB01B4-3D2A-4794-B321-903224025BFF}.Debug|Any CPU.ActiveCfg = Debug|Any CPU
		{EEAB01B4-3D2A-4794-B321-903224025BFF}.Debug|Any CPU.Build.0 = Debug|Any CPU
		{EEAB01B4-3D2A-4794-B321-903224025BFF}.Release|Any CPU.ActiveCfg = Release|Any CPU
		{EEAB01B4-3D2A-4794-B321-903224025BFF}.Release|Any CPU.Build.0 = Release|Any CPU
	EndGlobalSection
	GlobalSection(SolutionProperties) = preSolution
		HideSolutionNode = FALSE
	EndGlobalSection
	GlobalSection(ExtensibilityGlobals) = postSolution
		SolutionGuid = {B9FAEF2B-C791-45F5-A908-E863B1E04A28}
	EndGlobalSection
EndGlobal
